
Microsoft Visual Studio Solution File, Format Version 12.00
# Visual Studio Version 17
VisualStudioVersion = 17.1.32328.378
MinimumVisualStudioVersion = 10.0.40219.1
Project("{FAE04EC0-301F-11D3-BF4B-00C04F79EFBC}") = "WebApp_OOPConcepts", "WebApp_OOPConcepts\WebApp_OOPConcepts.csproj", "{406A24C0-5602-457D-80FC-932BF21643FA}"
EndProject
Global
	GlobalSection(SolutionConfigurationPlatforms) = preSolution
		Debug|Any CPU = Debug|Any CPU
		Release|Any CPU = Release|Any CPU
	EndGlobalSection
	GlobalSection(ProjectConfigurationPlatforms) = postSolution
		{406A24C0-5602-457D-80FC-932BF21643FA}.Debug|Any CPU.ActiveCfg = Debug|Any CPU
		{406A24C0-5602-457D-80FC-932BF21643FA}.Debug|Any CPU.Build.0 = Debug|Any CPU
		{406A24C0-5602-457D-80FC-932BF21643FA}.Release|Any CPU.ActiveCfg = Release|Any CPU
		{406A24C0-5602-457D-80FC-932BF21643FA}.Release|Any CPU.Build.0 = Release|Any CPU
	EndGlobalSection
	GlobalSection(SolutionProperties) = preSolution
		HideSolutionNode = FALSE
	EndGlobalSection
	GlobalSection(ExtensibilityGlobals) = postSolution
		SolutionGuid = {9E4CD157-318C-4CF0-9CCF-F56BAB205110}
	EndGlobalSection
EndGlobal
